
Microsoft Visual Studio Solution File, Format Version 12.00
# Visual Studio 15
VisualStudioVersion = 15.0.28307.271
MinimumVisualStudioVersion = 10.0.40219.1
Project("{9A19103F-16F7-4668-BE54-9A1E7A4F7556}") = "ExcelFormulaParser", "ExcelFormulaParser\ExcelFormulaParser.csproj", "{007FD184-4018-4E8B-AEA3-39E4B96CC10A}"
EndProject
Project("{9A19103F-16F7-4668-BE54-9A1E7A4F7556}") = "ExcelFormulaParserTests", "ExcelFormulaParserTests\ExcelFormulaParserTests.csproj", "{925C7F88-9BAF-4AB7-9C50-964CE6B1021E}"
EndProject
Project("{2150E333-8FDC-42A3-9474-1A3956D46DE8}") = "Solution Items", "Solution Items", "{7E1B0198-9C98-4595-B619-AA7DE69D31BF}"
	ProjectSection(SolutionItems) = preProject
		.gitattributes = .gitattributes
		.gitignore = .gitignore
		LICENSE = LICENSE
		README.md = README.md
	EndProjectSection
EndProject
Global
	GlobalSection(SolutionConfigurationPlatforms) = preSolution
		Debug|Any CPU = Debug|Any CPU
		Release|Any CPU = Release|Any CPU
	EndGlobalSection
	GlobalSection(ProjectConfigurationPlatforms) = postSolution
		{007FD184-4018-4E8B-AEA3-39E4B96CC10A}.Debug|Any CPU.ActiveCfg = Debug|Any CPU
		{007FD184-4018-4E8B-AEA3-39E4B96CC10A}.Debug|Any CPU.Build.0 = Debug|Any CPU
		{007FD184-4018-4E8B-AEA3-39E4B96CC10A}.Release|Any CPU.ActiveCfg = Release|Any CPU
		{007FD184-4018-4E8B-AEA3-39E4B96CC10A}.Release|Any CPU.Build.0 = Release|Any CPU
		{925C7F88-9BAF-4AB7-9C50-964CE6B1021E}.Debug|Any CPU.ActiveCfg = Debug|Any CPU
		{925C7F88-9BAF-4AB7-9C50-964CE6B1021E}.Debug|Any CPU.Build.0 = Debug|Any CPU
		{925C7F88-9BAF-4AB7-9C50-964CE6B1021E}.Release|Any CPU.ActiveCfg = Release|Any CPU
		{925C7F88-9BAF-4AB7-9C50-964CE6B1021E}.Release|Any CPU.Build.0 = Release|Any CPU
	EndGlobalSection
	GlobalSection(SolutionProperties) = preSolution
		HideSolutionNode = FALSE
	EndGlobalSection
	GlobalSection(ExtensibilityGlobals) = postSolution
		SolutionGuid = {E88AD4FA-3298-4C7B-946F-0B454397CB4A}
	EndGlobalSection
EndGlobal
